
Microsoft Visual Studio Solution File, Format Version 11.00
# Visual Studio 2010
Project("{FAE04EC0-301F-11D3-BF4B-00C04F79EFBC}") = "PrincipalProvider.Mvc", "PrincipalProvider.Mvc\PrincipalProvider.Mvc.csproj", "{FC89D3AE-72E2-48FB-B137-F67956478301}"
EndProject
Global
	GlobalSection(SolutionConfigurationPlatforms) = preSolution
		Debug|Any CPU = Debug|Any CPU
		Release|Any CPU = Release|Any CPU
	EndGlobalSection
	GlobalSection(ProjectConfigurationPlatforms) = postSolution
		{FC89D3AE-72E2-48FB-B137-F67956478301}.Debug|Any CPU.ActiveCfg = Debug|Any CPU
		{FC89D3AE-72E2-48FB-B137-F67956478301}.Debug|Any CPU.Build.0 = Debug|Any CPU
		{FC89D3AE-72E2-48FB-B137-F67956478301}.Release|Any CPU.ActiveCfg = Release|Any CPU
		{FC89D3AE-72E2-48FB-B137-F67956478301}.Release|Any CPU.Build.0 = Release|Any CPU
	EndGlobalSection
	GlobalSection(SolutionProperties) = preSolution
		HideSolutionNode = FALSE
	EndGlobalSection
EndGlobal
